
Microsoft Visual Studio Solution File, Format Version 12.00
Project("{FAE04EC0-301F-11D3-BF4B-00C04F79EFBC}") = "FizzBuzzTests", "FizzBuzzTests\FizzBuzzTests.csproj", "{DD969F56-39DB-40EF-BD77-3089338A2033}"
EndProject
Project("{FAE04EC0-301F-11D3-BF4B-00C04F79EFBC}") = "FizzBuzzLogic", "FizzBuzzLogic\FizzBuzzLogic.csproj", "{DEED907C-4A62-4020-BC83-F47E06FFE776}"
EndProject
Global
	GlobalSection(SolutionConfigurationPlatforms) = preSolution
		Debug|Any CPU = Debug|Any CPU
		Release|Any CPU = Release|Any CPU
	EndGlobalSection
	GlobalSection(ProjectConfigurationPlatforms) = postSolution
		{DD969F56-39DB-40EF-BD77-3089338A2033}.Debug|Any CPU.ActiveCfg = Debug|Any CPU
		{DD969F56-39DB-40EF-BD77-3089338A2033}.Debug|Any CPU.Build.0 = Debug|Any CPU
		{DD969F56-39DB-40EF-BD77-3089338A2033}.Release|Any CPU.ActiveCfg = Release|Any CPU
		{DD969F56-39DB-40EF-BD77-3089338A2033}.Release|Any CPU.Build.0 = Release|Any CPU
		{DEED907C-4A62-4020-BC83-F47E06FFE776}.Debug|Any CPU.ActiveCfg = Debug|Any CPU
		{DEED907C-4A62-4020-BC83-F47E06FFE776}.Debug|Any CPU.Build.0 = Debug|Any CPU
		{DEED907C-4A62-4020-BC83-F47E06FFE776}.Release|Any CPU.ActiveCfg = Release|Any CPU
		{DEED907C-4A62-4020-BC83-F47E06FFE776}.Release|Any CPU.Build.0 = Release|Any CPU
	EndGlobalSection
EndGlobal
