
Microsoft Visual Studio Solution File, Format Version 12.00
Project("{FAE04EC0-301F-11D3-BF4B-00C04F79EFBC}") = "Dummy", "Dummy\Dummy.csproj", "{8C5C2617-65FE-4A9C-B744-B121915C713E}"
EndProject
Project("{FAE04EC0-301F-11D3-BF4B-00C04F79EFBC}") = "DummyTests", "DummyTests\DummyTests.csproj", "{E8B68824-91E3-4325-A2CF-79286CF6EB42}"
EndProject
Global
	GlobalSection(SolutionConfigurationPlatforms) = preSolution
		Debug|Any CPU = Debug|Any CPU
		Release|Any CPU = Release|Any CPU
	EndGlobalSection
	GlobalSection(ProjectConfigurationPlatforms) = postSolution
		{8C5C2617-65FE-4A9C-B744-B121915C713E}.Debug|Any CPU.ActiveCfg = Debug|Any CPU
		{8C5C2617-65FE-4A9C-B744-B121915C713E}.Debug|Any CPU.Build.0 = Debug|Any CPU
		{8C5C2617-65FE-4A9C-B744-B121915C713E}.Release|Any CPU.ActiveCfg = Release|Any CPU
		{8C5C2617-65FE-4A9C-B744-B121915C713E}.Release|Any CPU.Build.0 = Release|Any CPU
		{E8B68824-91E3-4325-A2CF-79286CF6EB42}.Debug|Any CPU.ActiveCfg = Debug|Any CPU
		{E8B68824-91E3-4325-A2CF-79286CF6EB42}.Debug|Any CPU.Build.0 = Debug|Any CPU
		{E8B68824-91E3-4325-A2CF-79286CF6EB42}.Release|Any CPU.ActiveCfg = Release|Any CPU
		{E8B68824-91E3-4325-A2CF-79286CF6EB42}.Release|Any CPU.Build.0 = Release|Any CPU
	EndGlobalSection
EndGlobal
