
Microsoft Visual Studio Solution File, Format Version 12.00
Project("{FAE04EC0-301F-11D3-BF4B-00C04F79EFBC}") = "Adapter", "Adapter\Adapter.csproj", "{9D091C39-B1D7-4D88-BC48-88A961D1E838}"
EndProject
Project("{FAE04EC0-301F-11D3-BF4B-00C04F79EFBC}") = "AdapterTestProject", "AdapterTestProject\AdapterTestProject.csproj", "{918E7C77-B9B1-4F85-8FAA-E49951BB423E}"
EndProject
Global
	GlobalSection(SolutionConfigurationPlatforms) = preSolution
		Debug|Any CPU = Debug|Any CPU
		Release|Any CPU = Release|Any CPU
	EndGlobalSection
	GlobalSection(ProjectConfigurationPlatforms) = postSolution
		{9D091C39-B1D7-4D88-BC48-88A961D1E838}.Debug|Any CPU.ActiveCfg = Debug|Any CPU
		{9D091C39-B1D7-4D88-BC48-88A961D1E838}.Debug|Any CPU.Build.0 = Debug|Any CPU
		{9D091C39-B1D7-4D88-BC48-88A961D1E838}.Release|Any CPU.ActiveCfg = Release|Any CPU
		{9D091C39-B1D7-4D88-BC48-88A961D1E838}.Release|Any CPU.Build.0 = Release|Any CPU
		{918E7C77-B9B1-4F85-8FAA-E49951BB423E}.Debug|Any CPU.ActiveCfg = Debug|Any CPU
		{918E7C77-B9B1-4F85-8FAA-E49951BB423E}.Debug|Any CPU.Build.0 = Debug|Any CPU
		{918E7C77-B9B1-4F85-8FAA-E49951BB423E}.Release|Any CPU.ActiveCfg = Release|Any CPU
		{918E7C77-B9B1-4F85-8FAA-E49951BB423E}.Release|Any CPU.Build.0 = Release|Any CPU
	EndGlobalSection
EndGlobal
