
Microsoft Visual Studio Solution File, Format Version 12.00
Project("{FAE04EC0-301F-11D3-BF4B-00C04F79EFBC}") = "EjerCR", "EjerCR\EjerCR.csproj", "{0DD9D003-0062-4B84-BD74-405024F0DFC5}"
EndProject
Project("{FAE04EC0-301F-11D3-BF4B-00C04F79EFBC}") = "LibraryMngmt", "LibraryMngmt\LibraryMngmt.csproj", "{40874EFE-0A6E-4BD7-BDB6-71C506132E2B}"
EndProject
Global
	GlobalSection(SolutionConfigurationPlatforms) = preSolution
		Debug|Any CPU = Debug|Any CPU
		Release|Any CPU = Release|Any CPU
	EndGlobalSection
	GlobalSection(ProjectConfigurationPlatforms) = postSolution
		{0DD9D003-0062-4B84-BD74-405024F0DFC5}.Debug|Any CPU.ActiveCfg = Debug|Any CPU
		{0DD9D003-0062-4B84-BD74-405024F0DFC5}.Debug|Any CPU.Build.0 = Debug|Any CPU
		{0DD9D003-0062-4B84-BD74-405024F0DFC5}.Release|Any CPU.ActiveCfg = Release|Any CPU
		{0DD9D003-0062-4B84-BD74-405024F0DFC5}.Release|Any CPU.Build.0 = Release|Any CPU
		{40874EFE-0A6E-4BD7-BDB6-71C506132E2B}.Debug|Any CPU.ActiveCfg = Debug|Any CPU
		{40874EFE-0A6E-4BD7-BDB6-71C506132E2B}.Debug|Any CPU.Build.0 = Debug|Any CPU
		{40874EFE-0A6E-4BD7-BDB6-71C506132E2B}.Release|Any CPU.ActiveCfg = Release|Any CPU
		{40874EFE-0A6E-4BD7-BDB6-71C506132E2B}.Release|Any CPU.Build.0 = Release|Any CPU
	EndGlobalSection
EndGlobal
