
Microsoft Visual Studio Solution File, Format Version 12.00
Project("{FAE04EC0-301F-11D3-BF4B-00C04F79EFBC}") = "FizzBuzzApp", "FizzBuzzApp\FizzBuzzApp.csproj", "{F4E01B68-DF76-4954-A176-E53F213E57B7}"
EndProject
Project("{FAE04EC0-301F-11D3-BF4B-00C04F79EFBC}") = "FizzBuzzAppTests", "FizzBuzzAppTests\FizzBuzzAppTests.csproj", "{22482416-F7F0-4C4C-A352-7A96D1C62FE9}"
EndProject
Project("{2150E333-8FDC-42A3-9474-1A3956D46DE8}") = "Cases", "Cases", "{7E9153D3-9F39-4C6E-B81F-F96305BEB789}"
EndProject
Global
	GlobalSection(SolutionConfigurationPlatforms) = preSolution
		Debug|Any CPU = Debug|Any CPU
		Release|Any CPU = Release|Any CPU
	EndGlobalSection
	GlobalSection(ProjectConfigurationPlatforms) = postSolution
		{F4E01B68-DF76-4954-A176-E53F213E57B7}.Debug|Any CPU.ActiveCfg = Debug|Any CPU
		{F4E01B68-DF76-4954-A176-E53F213E57B7}.Debug|Any CPU.Build.0 = Debug|Any CPU
		{F4E01B68-DF76-4954-A176-E53F213E57B7}.Release|Any CPU.ActiveCfg = Release|Any CPU
		{F4E01B68-DF76-4954-A176-E53F213E57B7}.Release|Any CPU.Build.0 = Release|Any CPU
		{22482416-F7F0-4C4C-A352-7A96D1C62FE9}.Debug|Any CPU.ActiveCfg = Debug|Any CPU
		{22482416-F7F0-4C4C-A352-7A96D1C62FE9}.Debug|Any CPU.Build.0 = Debug|Any CPU
		{22482416-F7F0-4C4C-A352-7A96D1C62FE9}.Release|Any CPU.ActiveCfg = Release|Any CPU
		{22482416-F7F0-4C4C-A352-7A96D1C62FE9}.Release|Any CPU.Build.0 = Release|Any CPU
	EndGlobalSection
EndGlobal
