
Microsoft Visual Studio Solution File, Format Version 12.00
Project("{FAE04EC0-301F-11D3-BF4B-00C04F79EFBC}") = "DemosClaseUMIgualdad", "DemosClaseUMIgualdad\DemosClaseUMIgualdad.csproj", "{663A89AF-63CA-4DC8-A6F2-017DC7263215}"
EndProject
Project("{FAE04EC0-301F-11D3-BF4B-00C04F79EFBC}") = "Static", "Static\Static.csproj", "{A9E9C88B-3160-44F0-A379-17F0F42B8A2F}"
EndProject
Project("{FAE04EC0-301F-11D3-BF4B-00C04F79EFBC}") = "EjemplosUMLClase1", "EjemplosUMLClase1\EjemplosUMLClase1.csproj", "{6CE492CD-5D1C-49FF-9CC2-92F631334D85}"
EndProject
Project("{FAE04EC0-301F-11D3-BF4B-00C04F79EFBC}") = "Estudiante", "Estudiante\Estudiante.csproj", "{A68E3979-C869-4273-9A28-85787F157F2D}"
EndProject
Project("{FAE04EC0-301F-11D3-BF4B-00C04F79EFBC}") = "BlogEntry", "BlogEntry\BlogEntry.csproj", "{416FCB0C-0927-4B6A-8984-D38ECFE093DA}"
EndProject
Project("{FAE04EC0-301F-11D3-BF4B-00C04F79EFBC}") = "CountryCapital", "CountryCapital\CountryCapital.csproj", "{8A0C0800-0A89-44B2-93BC-17A43691C396}"
EndProject
Project("{FAE04EC0-301F-11D3-BF4B-00C04F79EFBC}") = "Copilot", "Copilot\Copilot.csproj", "{D7F1CA39-62C3-430B-A3C3-66A2DB297C78}"
EndProject
Project("{FAE04EC0-301F-11D3-BF4B-00C04F79EFBC}") = "BlogEntryReviewRel", "BlogEntryReviewRel\BlogEntryReviewRel.csproj", "{F8BE361E-48AD-43AA-AABA-45BDEE05D1F3}"
EndProject
Global
	GlobalSection(SolutionConfigurationPlatforms) = preSolution
		Debug|Any CPU = Debug|Any CPU
		Release|Any CPU = Release|Any CPU
	EndGlobalSection
	GlobalSection(ProjectConfigurationPlatforms) = postSolution
		{663A89AF-63CA-4DC8-A6F2-017DC7263215}.Debug|Any CPU.ActiveCfg = Debug|Any CPU
		{663A89AF-63CA-4DC8-A6F2-017DC7263215}.Debug|Any CPU.Build.0 = Debug|Any CPU
		{663A89AF-63CA-4DC8-A6F2-017DC7263215}.Release|Any CPU.ActiveCfg = Release|Any CPU
		{663A89AF-63CA-4DC8-A6F2-017DC7263215}.Release|Any CPU.Build.0 = Release|Any CPU
		{A9E9C88B-3160-44F0-A379-17F0F42B8A2F}.Debug|Any CPU.ActiveCfg = Debug|Any CPU
		{A9E9C88B-3160-44F0-A379-17F0F42B8A2F}.Debug|Any CPU.Build.0 = Debug|Any CPU
		{A9E9C88B-3160-44F0-A379-17F0F42B8A2F}.Release|Any CPU.ActiveCfg = Release|Any CPU
		{A9E9C88B-3160-44F0-A379-17F0F42B8A2F}.Release|Any CPU.Build.0 = Release|Any CPU
		{6CE492CD-5D1C-49FF-9CC2-92F631334D85}.Debug|Any CPU.ActiveCfg = Debug|Any CPU
		{6CE492CD-5D1C-49FF-9CC2-92F631334D85}.Debug|Any CPU.Build.0 = Debug|Any CPU
		{6CE492CD-5D1C-49FF-9CC2-92F631334D85}.Release|Any CPU.ActiveCfg = Release|Any CPU
		{6CE492CD-5D1C-49FF-9CC2-92F631334D85}.Release|Any CPU.Build.0 = Release|Any CPU
		{A68E3979-C869-4273-9A28-85787F157F2D}.Debug|Any CPU.ActiveCfg = Debug|Any CPU
		{A68E3979-C869-4273-9A28-85787F157F2D}.Debug|Any CPU.Build.0 = Debug|Any CPU
		{A68E3979-C869-4273-9A28-85787F157F2D}.Release|Any CPU.ActiveCfg = Release|Any CPU
		{A68E3979-C869-4273-9A28-85787F157F2D}.Release|Any CPU.Build.0 = Release|Any CPU
		{416FCB0C-0927-4B6A-8984-D38ECFE093DA}.Debug|Any CPU.ActiveCfg = Debug|Any CPU
		{416FCB0C-0927-4B6A-8984-D38ECFE093DA}.Debug|Any CPU.Build.0 = Debug|Any CPU
		{416FCB0C-0927-4B6A-8984-D38ECFE093DA}.Release|Any CPU.ActiveCfg = Release|Any CPU
		{416FCB0C-0927-4B6A-8984-D38ECFE093DA}.Release|Any CPU.Build.0 = Release|Any CPU
		{8A0C0800-0A89-44B2-93BC-17A43691C396}.Debug|Any CPU.ActiveCfg = Debug|Any CPU
		{8A0C0800-0A89-44B2-93BC-17A43691C396}.Debug|Any CPU.Build.0 = Debug|Any CPU
		{8A0C0800-0A89-44B2-93BC-17A43691C396}.Release|Any CPU.ActiveCfg = Release|Any CPU
		{8A0C0800-0A89-44B2-93BC-17A43691C396}.Release|Any CPU.Build.0 = Release|Any CPU
		{D7F1CA39-62C3-430B-A3C3-66A2DB297C78}.Debug|Any CPU.ActiveCfg = Debug|Any CPU
		{D7F1CA39-62C3-430B-A3C3-66A2DB297C78}.Debug|Any CPU.Build.0 = Debug|Any CPU
		{D7F1CA39-62C3-430B-A3C3-66A2DB297C78}.Release|Any CPU.ActiveCfg = Release|Any CPU
		{D7F1CA39-62C3-430B-A3C3-66A2DB297C78}.Release|Any CPU.Build.0 = Release|Any CPU
		{F8BE361E-48AD-43AA-AABA-45BDEE05D1F3}.Debug|Any CPU.ActiveCfg = Debug|Any CPU
		{F8BE361E-48AD-43AA-AABA-45BDEE05D1F3}.Debug|Any CPU.Build.0 = Debug|Any CPU
		{F8BE361E-48AD-43AA-AABA-45BDEE05D1F3}.Release|Any CPU.ActiveCfg = Release|Any CPU
		{F8BE361E-48AD-43AA-AABA-45BDEE05D1F3}.Release|Any CPU.Build.0 = Release|Any CPU
	EndGlobalSection
EndGlobal
