
Microsoft Visual Studio Solution File, Format Version 12.00
Project("{FAE04EC0-301F-11D3-BF4B-00C04F79EFBC}") = "WithoutDemeter", "WithoutDemeter\WithoutDemeter.csproj", "{5088A08B-9EB9-4929-BFC6-6E1E85936DC1}"
EndProject
Project("{FAE04EC0-301F-11D3-BF4B-00C04F79EFBC}") = "WithDemeter", "WithDemeter\WithDemeter.csproj", "{D14B9DE1-1BD3-4D74-836C-F9676CC9B438}"
EndProject
Global
	GlobalSection(SolutionConfigurationPlatforms) = preSolution
		Debug|Any CPU = Debug|Any CPU
		Release|Any CPU = Release|Any CPU
	EndGlobalSection
	GlobalSection(ProjectConfigurationPlatforms) = postSolution
		{5088A08B-9EB9-4929-BFC6-6E1E85936DC1}.Debug|Any CPU.ActiveCfg = Debug|Any CPU
		{5088A08B-9EB9-4929-BFC6-6E1E85936DC1}.Debug|Any CPU.Build.0 = Debug|Any CPU
		{5088A08B-9EB9-4929-BFC6-6E1E85936DC1}.Release|Any CPU.ActiveCfg = Release|Any CPU
		{5088A08B-9EB9-4929-BFC6-6E1E85936DC1}.Release|Any CPU.Build.0 = Release|Any CPU
		{D14B9DE1-1BD3-4D74-836C-F9676CC9B438}.Debug|Any CPU.ActiveCfg = Debug|Any CPU
		{D14B9DE1-1BD3-4D74-836C-F9676CC9B438}.Debug|Any CPU.Build.0 = Debug|Any CPU
		{D14B9DE1-1BD3-4D74-836C-F9676CC9B438}.Release|Any CPU.ActiveCfg = Release|Any CPU
		{D14B9DE1-1BD3-4D74-836C-F9676CC9B438}.Release|Any CPU.Build.0 = Release|Any CPU
	EndGlobalSection
EndGlobal
