
Microsoft Visual Studio Solution File, Format Version 12.00
Project("{FAE04EC0-301F-11D3-BF4B-00C04F79EFBC}") = "EjemploPolimorfismo", "EjemploPolimorfismo\EjemploPolimorfismo.csproj", "{D3B9C1BA-E3B5-4077-B193-5A26BF85E222}"
EndProject
Global
	GlobalSection(SolutionConfigurationPlatforms) = preSolution
		Debug|Any CPU = Debug|Any CPU
		Release|Any CPU = Release|Any CPU
	EndGlobalSection
	GlobalSection(ProjectConfigurationPlatforms) = postSolution
		{D3B9C1BA-E3B5-4077-B193-5A26BF85E222}.Debug|Any CPU.ActiveCfg = Debug|Any CPU
		{D3B9C1BA-E3B5-4077-B193-5A26BF85E222}.Debug|Any CPU.Build.0 = Debug|Any CPU
		{D3B9C1BA-E3B5-4077-B193-5A26BF85E222}.Release|Any CPU.ActiveCfg = Release|Any CPU
		{D3B9C1BA-E3B5-4077-B193-5A26BF85E222}.Release|Any CPU.Build.0 = Release|Any CPU
	EndGlobalSection
EndGlobal
