
Microsoft Visual Studio Solution File, Format Version 12.00
Project("{FAE04EC0-301F-11D3-BF4B-00C04F79EFBC}") = "CSHClassElements", "CSHClassElements\CSHClassElements.csproj", "{8788BDC5-F08F-41A8-A62A-D0C2627A213B}"
EndProject
Project("{FAE04EC0-301F-11D3-BF4B-00C04F79EFBC}") = "ToDiagram", "ToDiagram\ToDiagram.csproj", "{C5F54357-A163-44FB-80DB-31662CA864DA}"
EndProject
Global
	GlobalSection(SolutionConfigurationPlatforms) = preSolution
		Debug|Any CPU = Debug|Any CPU
		Release|Any CPU = Release|Any CPU
	EndGlobalSection
	GlobalSection(ProjectConfigurationPlatforms) = postSolution
		{8788BDC5-F08F-41A8-A62A-D0C2627A213B}.Debug|Any CPU.ActiveCfg = Debug|Any CPU
		{8788BDC5-F08F-41A8-A62A-D0C2627A213B}.Debug|Any CPU.Build.0 = Debug|Any CPU
		{8788BDC5-F08F-41A8-A62A-D0C2627A213B}.Release|Any CPU.ActiveCfg = Release|Any CPU
		{8788BDC5-F08F-41A8-A62A-D0C2627A213B}.Release|Any CPU.Build.0 = Release|Any CPU
		{C5F54357-A163-44FB-80DB-31662CA864DA}.Debug|Any CPU.ActiveCfg = Debug|Any CPU
		{C5F54357-A163-44FB-80DB-31662CA864DA}.Debug|Any CPU.Build.0 = Debug|Any CPU
		{C5F54357-A163-44FB-80DB-31662CA864DA}.Release|Any CPU.ActiveCfg = Release|Any CPU
		{C5F54357-A163-44FB-80DB-31662CA864DA}.Release|Any CPU.Build.0 = Release|Any CPU
	EndGlobalSection
EndGlobal
