
Microsoft Visual Studio Solution File, Format Version 12.00
Project("{FAE04EC0-301F-11D3-BF4B-00C04F79EFBC}") = "GeneralizacionPersonaEstudiante", "GeneralizacionPersonaEstudiante\GeneralizacionPersonaEstudiante.csproj", "{B7DA1AE4-285F-4C31-8704-130F9ABF9117}"
EndProject
Project("{FAE04EC0-301F-11D3-BF4B-00C04F79EFBC}") = "Vehicles", "Vehicles\Vehicles.csproj", "{B1CC7426-E8AD-402B-9FB1-BFA442FEF32C}"
EndProject
Project("{FAE04EC0-301F-11D3-BF4B-00C04F79EFBC}") = "RecorrerPersonasPolimorficamente", "RecorrerPersonasPolimorficamente\RecorrerPersonasPolimorficamente.csproj", "{83AA2571-D770-434D-9B96-6DA0968D21E2}"
EndProject
Global
	GlobalSection(SolutionConfigurationPlatforms) = preSolution
		Debug|Any CPU = Debug|Any CPU
		Release|Any CPU = Release|Any CPU
	EndGlobalSection
	GlobalSection(ProjectConfigurationPlatforms) = postSolution
		{B7DA1AE4-285F-4C31-8704-130F9ABF9117}.Debug|Any CPU.ActiveCfg = Debug|Any CPU
		{B7DA1AE4-285F-4C31-8704-130F9ABF9117}.Debug|Any CPU.Build.0 = Debug|Any CPU
		{B7DA1AE4-285F-4C31-8704-130F9ABF9117}.Release|Any CPU.ActiveCfg = Release|Any CPU
		{B7DA1AE4-285F-4C31-8704-130F9ABF9117}.Release|Any CPU.Build.0 = Release|Any CPU
		{B1CC7426-E8AD-402B-9FB1-BFA442FEF32C}.Debug|Any CPU.ActiveCfg = Debug|Any CPU
		{B1CC7426-E8AD-402B-9FB1-BFA442FEF32C}.Debug|Any CPU.Build.0 = Debug|Any CPU
		{B1CC7426-E8AD-402B-9FB1-BFA442FEF32C}.Release|Any CPU.ActiveCfg = Release|Any CPU
		{B1CC7426-E8AD-402B-9FB1-BFA442FEF32C}.Release|Any CPU.Build.0 = Release|Any CPU
		{83AA2571-D770-434D-9B96-6DA0968D21E2}.Debug|Any CPU.ActiveCfg = Debug|Any CPU
		{83AA2571-D770-434D-9B96-6DA0968D21E2}.Debug|Any CPU.Build.0 = Debug|Any CPU
		{83AA2571-D770-434D-9B96-6DA0968D21E2}.Release|Any CPU.ActiveCfg = Release|Any CPU
		{83AA2571-D770-434D-9B96-6DA0968D21E2}.Release|Any CPU.Build.0 = Release|Any CPU
	EndGlobalSection
EndGlobal
