
Microsoft Visual Studio Solution File, Format Version 12.00
Project("{FAE04EC0-301F-11D3-BF4B-00C04F79EFBC}") = "FizzBuzzProdCode", "FizzBuzzProdCode\FizzBuzzProdCode.csproj", "{429E1E85-D105-4130-A929-8CFE50A1323C}"
EndProject
Project("{FAE04EC0-301F-11D3-BF4B-00C04F79EFBC}") = "FizzBuzzTest", "FizzBuzzTest\FizzBuzzTest.csproj", "{1FAFDCE2-618A-4038-93DA-22C6C81764F9}"
EndProject
Global
	GlobalSection(SolutionConfigurationPlatforms) = preSolution
		Debug|Any CPU = Debug|Any CPU
		Release|Any CPU = Release|Any CPU
	EndGlobalSection
	GlobalSection(ProjectConfigurationPlatforms) = postSolution
		{429E1E85-D105-4130-A929-8CFE50A1323C}.Debug|Any CPU.ActiveCfg = Debug|Any CPU
		{429E1E85-D105-4130-A929-8CFE50A1323C}.Debug|Any CPU.Build.0 = Debug|Any CPU
		{429E1E85-D105-4130-A929-8CFE50A1323C}.Release|Any CPU.ActiveCfg = Release|Any CPU
		{429E1E85-D105-4130-A929-8CFE50A1323C}.Release|Any CPU.Build.0 = Release|Any CPU
		{1FAFDCE2-618A-4038-93DA-22C6C81764F9}.Debug|Any CPU.ActiveCfg = Debug|Any CPU
		{1FAFDCE2-618A-4038-93DA-22C6C81764F9}.Debug|Any CPU.Build.0 = Debug|Any CPU
		{1FAFDCE2-618A-4038-93DA-22C6C81764F9}.Release|Any CPU.ActiveCfg = Release|Any CPU
		{1FAFDCE2-618A-4038-93DA-22C6C81764F9}.Release|Any CPU.Build.0 = Release|Any CPU
	EndGlobalSection
EndGlobal
